<?xml version="1.0" encoding="utf-8"?>
<Project ToolsVersion="4.0" xmlns="http://schemas.microsoft.com/developer/msbuild/2003">
  <ItemGroup>
    <Filter Include="Source Files">
      <UniqueIdentifier>{4FC737F1-C7A5-4376-A066-2A32D752A2FF}</UniqueIdentifier>
      <Extensions>cpp;c;cc;cxx;def;odl;idl;hpj;bat;asm;asmx</Extensions>
    </Filter>
    <Filter Include="Header Files">
      <UniqueIdentifier>{93995380-89BD-4b04-88EB-625FBE52EBFB}</UniqueIdentifier>
      <Extensions>h;hpp;hxx;hm;inl;inc;xsd</Extensions>
    </Filter>
    <Filter Include="Resource Files">
      <UniqueIdentifier>{67DA6AB6-F800-4c08-8B7A-83BB121AAD01}</UniqueIdentifier>
      <Extensions>rc;ico;cur;bmp;dlg;rc2;rct;bin;rgs;gif;jpg;jpeg;jpe;resx;tiff;tif;png;wav;mfcribbon-ms</Extensions>
    </Filter>
  </ItemGroup>
  <ItemGroup>
    <Text Include="ReadMe.txt" />
  </ItemGroup>
  <ItemGroup>
    <ClInclude Include="stdafx.h">
      <Filter>Header Files</Filter>
    </ClInclude>
    <ClInclude Include="targetver.h">
      <Filter>Header Files</Filter>
    </ClInclude>
    <ClInclude Include="ActorACTLoader.h">
      <Filter>Header Files</Filter>
    </ClInclude>
    <ClInclude Include="ActorAnimLoader.h">
      <Filter>Header Files</Filter>
    </ClInclude>
    <ClInclude Include="ActorFileFormat.h">
      <Filter>Header Files</Filter>
    </ClInclude>
    <ClInclude Include="ActorLoader.h">
      <Filter>Header Files</Filter>
    </ClInclude>
    <ClInclude Include="BBoxToRect.h">
      <Filter>Header Files</Filter>
    </ClInclude>
    <ClInclude Include="Character.h">
      <Filter>Header Files</Filter>
    </ClInclude>
    <ClInclude Include="CharacterDB.h">
      <Filter>Header Files</Filter>
    </ClInclude>
    <ClInclude Include="GameCamera.h">
      <Filter>Header Files</Filter>
    </ClInclude>
    <ClInclude Include="GameCharacter.h">
      <Filter>Header Files</Filter>
    </ClInclude>
    <ClInclude Include="GameLight.h">
      <Filter>Header Files</Filter>
    </ClInclude>
    <ClInclude Include="GameMesh.h">
      <Filter>Header Files</Filter>
    </ClInclude>
    <ClInclude Include="GameObject.h">
      <Filter>Header Files</Filter>
    </ClInclude>
    <ClInclude Include="GamePlayer.h">
      <Filter>Header Files</Filter>
    </ClInclude>
    <ClInclude Include="GameSystem.h">
      <Filter>Header Files</Filter>
    </ClInclude>
    <ClInclude Include="Geo3DSLoader.h">
      <Filter>Header Files</Filter>
    </ClInclude>
    <ClInclude Include="GeoFileFormat.h">
      <Filter>Header Files</Filter>
    </ClInclude>
    <ClInclude Include="GeoGEOLoader.h">
      <Filter>Header Files</Filter>
    </ClInclude>
    <ClInclude Include="Geometry.h">
      <Filter>Header Files</Filter>
    </ClInclude>
    <ClInclude Include="GeometryLoader.h">
      <Filter>Header Files</Filter>
    </ClInclude>
    <ClInclude Include="Ground.h">
      <Filter>Header Files</Filter>
    </ClInclude>
    <ClInclude Include="IActorLoader.h">
      <Filter>Header Files</Filter>
    </ClInclude>
    <ClInclude Include="IGeometryLoader.h">
      <Filter>Header Files</Filter>
    </ClInclude>
    <ClInclude Include="IMapLoader.h">
      <Filter>Header Files</Filter>
    </ClInclude>
    <ClInclude Include="Map.h">
      <Filter>Header Files</Filter>
    </ClInclude>
    <ClInclude Include="MapLoaderFactory.h">
      <Filter>Header Files</Filter>
    </ClInclude>
    <ClInclude Include="MapTextLoader.h">
      <Filter>Header Files</Filter>
    </ClInclude>
    <ClInclude Include="ObjectFlags.h">
      <Filter>Header Files</Filter>
    </ClInclude>
    <ClInclude Include="TemplateMesh.h">
      <Filter>Header Files</Filter>
    </ClInclude>
    <ClInclude Include="Weapon.h">
      <Filter>Header Files</Filter>
    </ClInclude>
    <ClInclude Include="WeaponDB.h">
      <Filter>Header Files</Filter>
    </ClInclude>
    <ClInclude Include="WeaponFactory.h">
      <Filter>Header Files</Filter>
    </ClInclude>
    <ClInclude Include="WeaponGun.h">
      <Filter>Header Files</Filter>
    </ClInclude>
    <ClInclude Include="WeaponGunInstance.h">
      <Filter>Header Files</Filter>
    </ClInclude>
    <ClInclude Include="WeaponInstance.h">
      <Filter>Header Files</Filter>
    </ClInclude>
    <ClInclude Include="..\SDK\GameLib.h">
      <Filter>Header Files</Filter>
    </ClInclude>
    <ClInclude Include="GroundBinLoader.h">
      <Filter>Header Files</Filter>
    </ClInclude>
    <ClInclude Include="GroundFileFormat.h">
      <Filter>Header Files</Filter>
    </ClInclude>
    <ClInclude Include="TemplateParticleSystem.h">
      <Filter>Header Files</Filter>
    </ClInclude>
    <ClInclude Include="GameParticles.h">
      <Filter>Header Files</Filter>
    </ClInclude>
    <ClInclude Include="Action.h">
      <Filter>Header Files</Filter>
    </ClInclude>
    <ClInclude Include="ActionServer.h">
      <Filter>Header Files</Filter>
    </ClInclude>
    <ClInclude Include="TraceTemplate.h">
      <Filter>Header Files</Filter>
    </ClInclude>
    <ClInclude Include="Trace.h">
      <Filter>Header Files</Filter>
    </ClInclude>
    <ClInclude Include="TemplateSound.h">
      <Filter>Header Files</Filter>
    </ClInclude>
    <ClInclude Include="GameSound.h">
      <Filter>Header Files</Filter>
    </ClInclude>
    <ClInclude Include="Debris.h">
      <Filter>Header Files</Filter>
    </ClInclude>
    <ClInclude Include="GameMaterial.h">
      <Filter>Header Files</Filter>
    </ClInclude>
    <ClInclude Include="SystemValues.h">
      <Filter>Header Files</Filter>
    </ClInclude>
    <ClInclude Include="GameActorUpdater.h">
      <Filter>Header Files</Filter>
    </ClInclude>
    <ClInclude Include="Navigator.h">
      <Filter>Header Files</Filter>
    </ClInclude>
    <ClInclude Include="ActionCreateRandomCharacter.h">
      <Filter>Header Files</Filter>
    </ClInclude>
    <ClInclude Include="HUDActor.h">
      <Filter>Header Files</Filter>
    </ClInclude>
    <ClInclude Include="HUD.h">
      <Filter>Header Files</Filter>
    </ClInclude>
    <ClInclude Include="FPSCounter.h">
      <Filter>Header Files</Filter>
    </ClInclude>
    <ClInclude Include="HUDActorView.h">
      <Filter>Header Files</Filter>
    </ClInclude>
    <ClInclude Include="HUDCross.h">
      <Filter>Header Files</Filter>
    </ClInclude>
    <ClInclude Include="GameEntity.h">
      <Filter>Header Files</Filter>
    </ClInclude>
    <ClInclude Include="EntityTemplate.h">
      <Filter>Header Files</Filter>
    </ClInclude>
    <ClInclude Include="EntityDB.h">
      <Filter>Header Files</Filter>
    </ClInclude>
    <ClInclude Include="EntityDynamic.h">
      <Filter>Header Files</Filter>
    </ClInclude>
    <ClInclude Include="EntityFactory.h">
      <Filter>Header Files</Filter>
    </ClInclude>
    <ClInclude Include="EntityUpdater.h">
      <Filter>Header Files</Filter>
    </ClInclude>
    <ClInclude Include="GameEntityDynamic.h">
      <Filter>Header Files</Filter>
    </ClInclude>
    <ClInclude Include="PhysicEventProcessor.h">
      <Filter>Header Files</Filter>
    </ClInclude>
    <ClInclude Include="Hit.h">
      <Filter>Header Files</Filter>
    </ClInclude>
    <ClInclude Include="Effect.h">
      <Filter>Header Files</Filter>
    </ClInclude>
    <ClInclude Include="ExplosionTemplate.h">
      <Filter>Header Files</Filter>
    </ClInclude>
    <ClInclude Include="Explosion.h">
      <Filter>Header Files</Filter>
    </ClInclude>
    <ClInclude Include="EffectFactory.h">
      <Filter>Header Files</Filter>
    </ClInclude>
    <ClInclude Include="EffectDB.h">
      <Filter>Header Files</Filter>
    </ClInclude>
    <ClInclude Include="EntityExplosive.h">
      <Filter>Header Files</Filter>
    </ClInclude>
    <ClInclude Include="GameEntityExplosive.h">
      <Filter>Header Files</Filter>
    </ClInclude>
    <ClInclude Include="FieldHit.h">
      <Filter>Header Files</Filter>
    </ClInclude>
    <ClInclude Include="Flash.h">
      <Filter>Header Files</Filter>
    </ClInclude>
    <ClInclude Include="WeaponRocket.h">
      <Filter>Header Files</Filter>
    </ClInclude>
    <ClInclude Include="Rocket.h">
      <Filter>Header Files</Filter>
    </ClInclude>
    <ClInclude Include="Ammo.h">
      <Filter>Header Files</Filter>
    </ClInclude>
    <ClInclude Include="WeaponRocketInstance.h">
      <Filter>Header Files</Filter>
    </ClInclude>
    <ClInclude Include="EntityTrigger.h">
      <Filter>Header Files</Filter>
    </ClInclude>
    <ClInclude Include="Trigger.h">
      <Filter>Header Files</Filter>
    </ClInclude>
    <ClInclude Include="GameEntityTrigger.h">
      <Filter>Header Files</Filter>
    </ClInclude>
    <ClInclude Include="TriggerWeapon.h">
      <Filter>Header Files</Filter>
    </ClInclude>
    <ClInclude Include="AddRemObject.h">
      <Filter>Header Files</Filter>
    </ClInclude>
  </ItemGroup>
  <ItemGroup>
    <ClCompile Include="stdafx.cpp">
      <Filter>Source Files</Filter>
    </ClCompile>
    <ClCompile Include="ActorACTLoader.cpp">
      <Filter>Source Files</Filter>
    </ClCompile>
    <ClCompile Include="ActorAnimLoader.cpp">
      <Filter>Source Files</Filter>
    </ClCompile>
    <ClCompile Include="ActorLoader.cpp">
      <Filter>Source Files</Filter>
    </ClCompile>
    <ClCompile Include="Character.cpp">
      <Filter>Source Files</Filter>
    </ClCompile>
    <ClCompile Include="CharacterDB.cpp">
      <Filter>Source Files</Filter>
    </ClCompile>
    <ClCompile Include="GameCamera.cpp">
      <Filter>Source Files</Filter>
    </ClCompile>
    <ClCompile Include="GameCharacter.cpp">
      <Filter>Source Files</Filter>
    </ClCompile>
    <ClCompile Include="GameMesh.cpp">
      <Filter>Source Files</Filter>
    </ClCompile>
    <ClCompile Include="GamePlayer.cpp">
      <Filter>Source Files</Filter>
    </ClCompile>
    <ClCompile Include="GameSystem.cpp">
      <Filter>Source Files</Filter>
    </ClCompile>
    <ClCompile Include="Geo3DSLoader.cpp">
      <Filter>Source Files</Filter>
    </ClCompile>
    <ClCompile Include="GeoGEOLoader.cpp">
      <Filter>Source Files</Filter>
    </ClCompile>
    <ClCompile Include="Geometry.cpp">
      <Filter>Source Files</Filter>
    </ClCompile>
    <ClCompile Include="GeometryLoader.cpp">
      <Filter>Source Files</Filter>
    </ClCompile>
    <ClCompile Include="Ground.cpp">
      <Filter>Source Files</Filter>
    </ClCompile>
    <ClCompile Include="Map.cpp">
      <Filter>Source Files</Filter>
    </ClCompile>
    <ClCompile Include="MapLoaderFactory.cpp">
      <Filter>Source Files</Filter>
    </ClCompile>
    <ClCompile Include="MapTextLoader.cpp">
      <Filter>Source Files</Filter>
    </ClCompile>
    <ClCompile Include="TemplateMesh.cpp">
      <Filter>Source Files</Filter>
    </ClCompile>
    <ClCompile Include="Weapon.cpp">
      <Filter>Source Files</Filter>
    </ClCompile>
    <ClCompile Include="WeaponDB.cpp">
      <Filter>Source Files</Filter>
    </ClCompile>
    <ClCompile Include="WeaponFactory.cpp">
      <Filter>Source Files</Filter>
    </ClCompile>
    <ClCompile Include="WeaponGun.cpp">
      <Filter>Source Files</Filter>
    </ClCompile>
    <ClCompile Include="WeaponInstance.cpp">
      <Filter>Source Files</Filter>
    </ClCompile>
    <ClCompile Include="GroundBinLoader.cpp">
      <Filter>Source Files</Filter>
    </ClCompile>
    <ClCompile Include="GameParticles.cpp">
      <Filter>Source Files</Filter>
    </ClCompile>
    <ClCompile Include="ActionServer.cpp">
      <Filter>Source Files</Filter>
    </ClCompile>
    <ClCompile Include="TraceTemplate.cpp">
      <Filter>Source Files</Filter>
    </ClCompile>
    <ClCompile Include="Trace.cpp">
      <Filter>Source Files</Filter>
    </ClCompile>
    <ClCompile Include="WeaponGunInstance.cpp">
      <Filter>Source Files</Filter>
    </ClCompile>
    <ClCompile Include="TemplateSound.cpp">
      <Filter>Source Files</Filter>
    </ClCompile>
    <ClCompile Include="GameSound.cpp">
      <Filter>Source Files</Filter>
    </ClCompile>
    <ClCompile Include="GameMaterial.cpp">
      <Filter>Source Files</Filter>
    </ClCompile>
    <ClCompile Include="Debris.cpp">
      <Filter>Source Files</Filter>
    </ClCompile>
    <ClCompile Include="Navigator.cpp">
      <Filter>Source Files</Filter>
    </ClCompile>
    <ClCompile Include="ActionCreateRandomCharacter.cpp">
      <Filter>Source Files</Filter>
    </ClCompile>
    <ClCompile Include="HUD.cpp">
      <Filter>Source Files</Filter>
    </ClCompile>
    <ClCompile Include="FPSCounter.cpp">
      <Filter>Source Files</Filter>
    </ClCompile>
    <ClCompile Include="HUDActorView.cpp">
      <Filter>Source Files</Filter>
    </ClCompile>
    <ClCompile Include="HUDCross.cpp">
      <Filter>Source Files</Filter>
    </ClCompile>
    <ClCompile Include="EntityTemplate.cpp">
      <Filter>Source Files</Filter>
    </ClCompile>
    <ClCompile Include="EntityDB.cpp">
      <Filter>Source Files</Filter>
    </ClCompile>
    <ClCompile Include="EntityDynamic.cpp">
      <Filter>Source Files</Filter>
    </ClCompile>
    <ClCompile Include="EntityFactory.cpp">
      <Filter>Source Files</Filter>
    </ClCompile>
    <ClCompile Include="GameEntity.cpp">
      <Filter>Source Files</Filter>
    </ClCompile>
    <ClCompile Include="EntityUpdater.cpp">
      <Filter>Source Files</Filter>
    </ClCompile>
    <ClCompile Include="GameEntityDynamic.cpp">
      <Filter>Source Files</Filter>
    </ClCompile>
    <ClCompile Include="PhysicEventProcessor.cpp">
      <Filter>Source Files</Filter>
    </ClCompile>
    <ClCompile Include="ExplostionTemplate.cpp">
      <Filter>Source Files</Filter>
    </ClCompile>
    <ClCompile Include="Explosion.cpp">
      <Filter>Source Files</Filter>
    </ClCompile>
    <ClCompile Include="EffectFactory.cpp">
      <Filter>Source Files</Filter>
    </ClCompile>
    <ClCompile Include="EffectDB.cpp">
      <Filter>Source Files</Filter>
    </ClCompile>
    <ClCompile Include="EntityExplosive.cpp">
      <Filter>Source Files</Filter>
    </ClCompile>
    <ClCompile Include="GameEntityExplosive.cpp">
      <Filter>Source Files</Filter>
    </ClCompile>
    <ClCompile Include="FieldHit.cpp">
      <Filter>Source Files</Filter>
    </ClCompile>
    <ClCompile Include="Flash.cpp">
      <Filter>Source Files</Filter>
    </ClCompile>
    <ClCompile Include="SystemValues.cpp">
      <Filter>Source Files</Filter>
    </ClCompile>
    <ClCompile Include="WeaponRocket.cpp">
      <Filter>Source Files</Filter>
    </ClCompile>
    <ClCompile Include="Rocket.cpp">
      <Filter>Source Files</Filter>
    </ClCompile>
    <ClCompile Include="WeaponRocketInstance.cpp">
      <Filter>Source Files</Filter>
    </ClCompile>
    <ClCompile Include="Trigger.cpp">
      <Filter>Source Files</Filter>
    </ClCompile>
    <ClCompile Include="EntityTrigger.cpp">
      <Filter>Source Files</Filter>
    </ClCompile>
    <ClCompile Include="GameEntityTrigger.cpp">
      <Filter>Source Files</Filter>
    </ClCompile>
    <ClCompile Include="TriggerWeapon.cpp">
      <Filter>Source Files</Filter>
    </ClCompile>
    <ClCompile Include="AddRemObject.cpp">
      <Filter>Source Files</Filter>
    </ClCompile>
  </ItemGroup>
</Project>