
Microsoft Visual Studio Solution File, Format Version 12.00
# Visual Studio 14
VisualStudioVersion = 14.0.24720.0
MinimumVisualStudioVersion = 10.0.40219.1
Project("{8BC9CEB8-8B4A-11D0-8D11-00A0C91BC942}") = "Shadow", "Shadow\Shadow.vcxproj", "{E75B48AC-1D78-46AF-8F7A-C43B12196B98}"
	ProjectSection(ProjectDependencies) = postProject
		{F872190B-6FBF-487C-9444-1593FF950ED0} = {F872190B-6FBF-487C-9444-1593FF950ED0}
		{80C11F0B-145B-4605-AD92-80763988846D} = {80C11F0B-145B-4605-AD92-80763988846D}
		{3692DD20-B689-427D-A71D-F8AF258CD5B6} = {3692DD20-B689-427D-A71D-F8AF258CD5B6}
		{9EB64C30-D46A-49E9-9282-951D4A17670D} = {9EB64C30-D46A-49E9-9282-951D4A17670D}
		{B827F035-BEA2-4D45-8103-6DFE5FB88A50} = {B827F035-BEA2-4D45-8103-6DFE5FB88A50}
		{70DB5549-05FD-4669-80D2-AC3798F70189} = {70DB5549-05FD-4669-80D2-AC3798F70189}
		{DFC80262-1E7F-488E-BFF3-E2A39F10F130} = {DFC80262-1E7F-488E-BFF3-E2A39F10F130}
		{751E8678-3981-4DC2-9851-3F63D7DCD547} = {751E8678-3981-4DC2-9851-3F63D7DCD547}
		{CBD7D7C7-954F-4342-84C5-A3D5AB29D7FD} = {CBD7D7C7-954F-4342-84C5-A3D5AB29D7FD}
		{1CD56BC8-7691-435C-BAE8-DC3EB3FB227F} = {1CD56BC8-7691-435C-BAE8-DC3EB3FB227F}
		{E0BD8EDC-4EFB-4234-B12A-24DE07427C64} = {E0BD8EDC-4EFB-4234-B12A-24DE07427C64}
	EndProjectSection
EndProject
Project("{8BC9CEB8-8B4A-11D0-8D11-00A0C91BC942}") = "Core", "Core\Core.vcxproj", "{E0BD8EDC-4EFB-4234-B12A-24DE07427C64}"
EndProject
Project("{8BC9CEB8-8B4A-11D0-8D11-00A0C91BC942}") = "MediaCommon", "MediaCommon\MediaCommon.vcxproj", "{9EB64C30-D46A-49E9-9282-951D4A17670D}"
EndProject
Project("{8BC9CEB8-8B4A-11D0-8D11-00A0C91BC942}") = "DX11Media", "DX11Media\DX11Media.vcxproj", "{DFC80262-1E7F-488E-BFF3-E2A39F10F130}"
EndProject
Project("{8BC9CEB8-8B4A-11D0-8D11-00A0C91BC942}") = "Renderer", "Renderer\Renderer.vcxproj", "{80C11F0B-145B-4605-AD92-80763988846D}"
EndProject
Project("{8BC9CEB8-8B4A-11D0-8D11-00A0C91BC942}") = "Collision", "Collision\Collision.vcxproj", "{F872190B-6FBF-487C-9444-1593FF950ED0}"
EndProject
Project("{8BC9CEB8-8B4A-11D0-8D11-00A0C91BC942}") = "Renderer2D", "Renderer2D\Renderer2D.vcxproj", "{CBD7D7C7-954F-4342-84C5-A3D5AB29D7FD}"
EndProject
Project("{8BC9CEB8-8B4A-11D0-8D11-00A0C91BC942}") = "DX11MediaMulti", "DX11MediaMulti\DX11MediaMulti.vcxproj", "{96AFE3E3-4F63-4405-BCA5-3363D423F689}"
EndProject
Project("{8BC9CEB8-8B4A-11D0-8D11-00A0C91BC942}") = "ShadowEditor", "ShadowEditor\ShadowEditor.vcxproj", "{74B91BDB-9BB5-4E33-9A9A-353111B5B8C5}"
	ProjectSection(ProjectDependencies) = postProject
		{80C11F0B-145B-4605-AD92-80763988846D} = {80C11F0B-145B-4605-AD92-80763988846D}
		{3692DD20-B689-427D-A71D-F8AF258CD5B6} = {3692DD20-B689-427D-A71D-F8AF258CD5B6}
		{9EB64C30-D46A-49E9-9282-951D4A17670D} = {9EB64C30-D46A-49E9-9282-951D4A17670D}
		{B827F035-BEA2-4D45-8103-6DFE5FB88A50} = {B827F035-BEA2-4D45-8103-6DFE5FB88A50}
		{751E8678-3981-4DC2-9851-3F63D7DCD547} = {751E8678-3981-4DC2-9851-3F63D7DCD547}
		{CBD7D7C7-954F-4342-84C5-A3D5AB29D7FD} = {CBD7D7C7-954F-4342-84C5-A3D5AB29D7FD}
		{1CD56BC8-7691-435C-BAE8-DC3EB3FB227F} = {1CD56BC8-7691-435C-BAE8-DC3EB3FB227F}
		{E0BD8EDC-4EFB-4234-B12A-24DE07427C64} = {E0BD8EDC-4EFB-4234-B12A-24DE07427C64}
		{96AFE3E3-4F63-4405-BCA5-3363D423F689} = {96AFE3E3-4F63-4405-BCA5-3363D423F689}
	EndProjectSection
EndProject
Project("{8BC9CEB8-8B4A-11D0-8D11-00A0C91BC942}") = "Game", "Game\Game.vcxproj", "{3692DD20-B689-427D-A71D-F8AF258CD5B6}"
EndProject
Project("{8BC9CEB8-8B4A-11D0-8D11-00A0C91BC942}") = "Navigation", "Navigation\Navigation.vcxproj", "{70DB5549-05FD-4669-80D2-AC3798F70189}"
EndProject
Project("{8BC9CEB8-8B4A-11D0-8D11-00A0C91BC942}") = "Particles", "Particles\Particles.vcxproj", "{1CD56BC8-7691-435C-BAE8-DC3EB3FB227F}"
EndProject
Project("{8BC9CEB8-8B4A-11D0-8D11-00A0C91BC942}") = "Sound", "Sound\Sound.vcxproj", "{751E8678-3981-4DC2-9851-3F63D7DCD547}"
EndProject
Project("{8BC9CEB8-8B4A-11D0-8D11-00A0C91BC942}") = "AI", "AI\AI.vcxproj", "{B827F035-BEA2-4D45-8103-6DFE5FB88A50}"
EndProject
Project("{2150E333-8FDC-42A3-9474-1A3956D46DE8}") = "Solution Items", "Solution Items", "{2DB26157-FC49-4598-9C48-8F11C5B631B3}"
	ProjectSection(SolutionItems) = preProject
		Performance1.psess = Performance1.psess
	EndProjectSection
EndProject
Global
	GlobalSection(SolutionConfigurationPlatforms) = preSolution
		Debug|Win32 = Debug|Win32
		Release|Win32 = Release|Win32
	EndGlobalSection
	GlobalSection(ProjectConfigurationPlatforms) = postSolution
		{E75B48AC-1D78-46AF-8F7A-C43B12196B98}.Debug|Win32.ActiveCfg = Debug|Win32
		{E75B48AC-1D78-46AF-8F7A-C43B12196B98}.Debug|Win32.Build.0 = Debug|Win32
		{E75B48AC-1D78-46AF-8F7A-C43B12196B98}.Release|Win32.ActiveCfg = Release|Win32
		{E75B48AC-1D78-46AF-8F7A-C43B12196B98}.Release|Win32.Build.0 = Release|Win32
		{E0BD8EDC-4EFB-4234-B12A-24DE07427C64}.Debug|Win32.ActiveCfg = Debug|Win32
		{E0BD8EDC-4EFB-4234-B12A-24DE07427C64}.Debug|Win32.Build.0 = Debug|Win32
		{E0BD8EDC-4EFB-4234-B12A-24DE07427C64}.Release|Win32.ActiveCfg = Release|Win32
		{E0BD8EDC-4EFB-4234-B12A-24DE07427C64}.Release|Win32.Build.0 = Release|Win32
		{9EB64C30-D46A-49E9-9282-951D4A17670D}.Debug|Win32.ActiveCfg = Debug|Win32
		{9EB64C30-D46A-49E9-9282-951D4A17670D}.Debug|Win32.Build.0 = Debug|Win32
		{9EB64C30-D46A-49E9-9282-951D4A17670D}.Release|Win32.ActiveCfg = Release|Win32
		{9EB64C30-D46A-49E9-9282-951D4A17670D}.Release|Win32.Build.0 = Release|Win32
		{DFC80262-1E7F-488E-BFF3-E2A39F10F130}.Debug|Win32.ActiveCfg = Debug|Win32
		{DFC80262-1E7F-488E-BFF3-E2A39F10F130}.Debug|Win32.Build.0 = Debug|Win32
		{DFC80262-1E7F-488E-BFF3-E2A39F10F130}.Release|Win32.ActiveCfg = Release|Win32
		{DFC80262-1E7F-488E-BFF3-E2A39F10F130}.Release|Win32.Build.0 = Release|Win32
		{80C11F0B-145B-4605-AD92-80763988846D}.Debug|Win32.ActiveCfg = Debug|Win32
		{80C11F0B-145B-4605-AD92-80763988846D}.Debug|Win32.Build.0 = Debug|Win32
		{80C11F0B-145B-4605-AD92-80763988846D}.Release|Win32.ActiveCfg = Release|Win32
		{80C11F0B-145B-4605-AD92-80763988846D}.Release|Win32.Build.0 = Release|Win32
		{F872190B-6FBF-487C-9444-1593FF950ED0}.Debug|Win32.ActiveCfg = Debug|Win32
		{F872190B-6FBF-487C-9444-1593FF950ED0}.Debug|Win32.Build.0 = Debug|Win32
		{F872190B-6FBF-487C-9444-1593FF950ED0}.Release|Win32.ActiveCfg = Release|Win32
		{F872190B-6FBF-487C-9444-1593FF950ED0}.Release|Win32.Build.0 = Release|Win32
		{CBD7D7C7-954F-4342-84C5-A3D5AB29D7FD}.Debug|Win32.ActiveCfg = Debug|Win32
		{CBD7D7C7-954F-4342-84C5-A3D5AB29D7FD}.Debug|Win32.Build.0 = Debug|Win32
		{CBD7D7C7-954F-4342-84C5-A3D5AB29D7FD}.Release|Win32.ActiveCfg = Release|Win32
		{CBD7D7C7-954F-4342-84C5-A3D5AB29D7FD}.Release|Win32.Build.0 = Release|Win32
		{96AFE3E3-4F63-4405-BCA5-3363D423F689}.Debug|Win32.ActiveCfg = Debug|Win32
		{96AFE3E3-4F63-4405-BCA5-3363D423F689}.Debug|Win32.Build.0 = Debug|Win32
		{96AFE3E3-4F63-4405-BCA5-3363D423F689}.Release|Win32.ActiveCfg = Release|Win32
		{96AFE3E3-4F63-4405-BCA5-3363D423F689}.Release|Win32.Build.0 = Release|Win32
		{74B91BDB-9BB5-4E33-9A9A-353111B5B8C5}.Debug|Win32.ActiveCfg = Debug|Win32
		{74B91BDB-9BB5-4E33-9A9A-353111B5B8C5}.Debug|Win32.Build.0 = Debug|Win32
		{74B91BDB-9BB5-4E33-9A9A-353111B5B8C5}.Release|Win32.ActiveCfg = Release|Win32
		{74B91BDB-9BB5-4E33-9A9A-353111B5B8C5}.Release|Win32.Build.0 = Release|Win32
		{3692DD20-B689-427D-A71D-F8AF258CD5B6}.Debug|Win32.ActiveCfg = Debug|Win32
		{3692DD20-B689-427D-A71D-F8AF258CD5B6}.Debug|Win32.Build.0 = Debug|Win32
		{3692DD20-B689-427D-A71D-F8AF258CD5B6}.Release|Win32.ActiveCfg = Release|Win32
		{3692DD20-B689-427D-A71D-F8AF258CD5B6}.Release|Win32.Build.0 = Release|Win32
		{70DB5549-05FD-4669-80D2-AC3798F70189}.Debug|Win32.ActiveCfg = Debug|Win32
		{70DB5549-05FD-4669-80D2-AC3798F70189}.Debug|Win32.Build.0 = Debug|Win32
		{70DB5549-05FD-4669-80D2-AC3798F70189}.Release|Win32.ActiveCfg = Release|Win32
		{70DB5549-05FD-4669-80D2-AC3798F70189}.Release|Win32.Build.0 = Release|Win32
		{1CD56BC8-7691-435C-BAE8-DC3EB3FB227F}.Debug|Win32.ActiveCfg = Debug|Win32
		{1CD56BC8-7691-435C-BAE8-DC3EB3FB227F}.Debug|Win32.Build.0 = Debug|Win32
		{1CD56BC8-7691-435C-BAE8-DC3EB3FB227F}.Release|Win32.ActiveCfg = Release|Win32
		{1CD56BC8-7691-435C-BAE8-DC3EB3FB227F}.Release|Win32.Build.0 = Release|Win32
		{751E8678-3981-4DC2-9851-3F63D7DCD547}.Debug|Win32.ActiveCfg = Debug|Win32
		{751E8678-3981-4DC2-9851-3F63D7DCD547}.Debug|Win32.Build.0 = Debug|Win32
		{751E8678-3981-4DC2-9851-3F63D7DCD547}.Release|Win32.ActiveCfg = Release|Win32
		{751E8678-3981-4DC2-9851-3F63D7DCD547}.Release|Win32.Build.0 = Release|Win32
		{B827F035-BEA2-4D45-8103-6DFE5FB88A50}.Debug|Win32.ActiveCfg = Debug|Win32
		{B827F035-BEA2-4D45-8103-6DFE5FB88A50}.Debug|Win32.Build.0 = Debug|Win32
		{B827F035-BEA2-4D45-8103-6DFE5FB88A50}.Release|Win32.ActiveCfg = Release|Win32
		{B827F035-BEA2-4D45-8103-6DFE5FB88A50}.Release|Win32.Build.0 = Release|Win32
	EndGlobalSection
	GlobalSection(SolutionProperties) = preSolution
		HideSolutionNode = FALSE
	EndGlobalSection
EndGlobal
