<?xml version="1.0" encoding="utf-8"?>
<Project ToolsVersion="4.0" xmlns="http://schemas.microsoft.com/developer/msbuild/2003">
  <ItemGroup>
    <Filter Include="Source Files">
      <UniqueIdentifier>{4FC737F1-C7A5-4376-A066-2A32D752A2FF}</UniqueIdentifier>
      <Extensions>cpp;c;cc;cxx;def;odl;idl;hpj;bat;asm;asmx</Extensions>
    </Filter>
    <Filter Include="Header Files">
      <UniqueIdentifier>{93995380-89BD-4b04-88EB-625FBE52EBFB}</UniqueIdentifier>
      <Extensions>h;hpp;hxx;hm;inl;inc;xsd</Extensions>
    </Filter>
    <Filter Include="Resource Files">
      <UniqueIdentifier>{67DA6AB6-F800-4c08-8B7A-83BB121AAD01}</UniqueIdentifier>
      <Extensions>rc;ico;cur;bmp;dlg;rc2;rct;bin;rgs;gif;jpg;jpeg;jpe;resx;tiff;tif;png;wav;mfcribbon-ms</Extensions>
    </Filter>
  </ItemGroup>
  <ItemGroup>
    <Text Include="ReadMe.txt" />
  </ItemGroup>
  <ItemGroup>
    <ClInclude Include="ShadowEditor.h">
      <Filter>Header Files</Filter>
    </ClInclude>
    <ClInclude Include="stdafx.h">
      <Filter>Header Files</Filter>
    </ClInclude>
    <ClInclude Include="targetver.h">
      <Filter>Header Files</Filter>
    </ClInclude>
    <ClInclude Include="MainFrm.h">
      <Filter>Header Files</Filter>
    </ClInclude>
    <ClInclude Include="ShadowEditorDoc.h">
      <Filter>Header Files</Filter>
    </ClInclude>
    <ClInclude Include="ShadowEditorView.h">
      <Filter>Header Files</Filter>
    </ClInclude>
    <ClInclude Include="Resource.h">
      <Filter>Header Files</Filter>
    </ClInclude>
    <ClInclude Include="OutputWnd.h">
      <Filter>Header Files</Filter>
    </ClInclude>
    <ClInclude Include="G_EditorApp.h">
      <Filter>Header Files</Filter>
    </ClInclude>
    <ClInclude Include="G_Ground.h">
      <Filter>Header Files</Filter>
    </ClInclude>
    <ClInclude Include="G_Map.h">
      <Filter>Header Files</Filter>
    </ClInclude>
    <ClInclude Include="G_Camera.h">
      <Filter>Header Files</Filter>
    </ClInclude>
    <ClInclude Include="G_GridRenderer.h">
      <Filter>Header Files</Filter>
    </ClInclude>
    <ClInclude Include="G_Tool.h">
      <Filter>Header Files</Filter>
    </ClInclude>
    <ClInclude Include="G_ToolSystem.h">
      <Filter>Header Files</Filter>
    </ClInclude>
    <ClInclude Include="G_BaseToolNull.h">
      <Filter>Header Files</Filter>
    </ClInclude>
    <ClInclude Include="G_BaseToolCamRotate.h">
      <Filter>Header Files</Filter>
    </ClInclude>
    <ClInclude Include="G_BaseToolCamTranslate.h">
      <Filter>Header Files</Filter>
    </ClInclude>
    <ClInclude Include="MainToolBar.h">
      <Filter>Header Files</Filter>
    </ClInclude>
    <ClInclude Include="ResourceToolBar.h">
      <Filter>Header Files</Filter>
    </ClInclude>
    <ClInclude Include="ResourceView.h">
      <Filter>Header Files</Filter>
    </ClInclude>
    <ClInclude Include="ResourceTreeView.h">
      <Filter>Header Files</Filter>
    </ClInclude>
    <ClInclude Include="GroundEditDlg.h">
      <Filter>Header Files</Filter>
    </ClInclude>
    <ClInclude Include="EditorView.h">
      <Filter>Header Files</Filter>
    </ClInclude>
    <ClInclude Include="G_GroundToolPaint.h">
      <Filter>Header Files</Filter>
    </ClInclude>
    <ClInclude Include="G_PreviewCamera.h">
      <Filter>Header Files</Filter>
    </ClInclude>
    <ClInclude Include="G_Utils.h">
      <Filter>Header Files</Filter>
    </ClInclude>
    <ClInclude Include="G_MaterialSave.h">
      <Filter>Header Files</Filter>
    </ClInclude>
    <ClInclude Include="G_IMapVisitor.h">
      <Filter>Header Files</Filter>
    </ClInclude>
    <ClInclude Include="G_ResourceCollector.h">
      <Filter>Header Files</Filter>
    </ClInclude>
    <ClInclude Include="G_MaterialSaver.h">
      <Filter>Header Files</Filter>
    </ClInclude>
    <ClInclude Include="G_MapSaver.h">
      <Filter>Header Files</Filter>
    </ClInclude>
    <ClInclude Include="G_GroundSaver.h">
      <Filter>Header Files</Filter>
    </ClInclude>
    <ClInclude Include="G_MapLoader.h">
      <Filter>Header Files</Filter>
    </ClInclude>
    <ClInclude Include="G_GroundLoader.h">
      <Filter>Header Files</Filter>
    </ClInclude>
    <ClInclude Include="MapPropertiesDlg.h">
      <Filter>Header Files</Filter>
    </ClInclude>
    <ClInclude Include="G_MeshTemplate.h">
      <Filter>Header Files</Filter>
    </ClInclude>
    <ClInclude Include="CPreviewMesh.h">
      <Filter>Header Files</Filter>
    </ClInclude>
    <ClInclude Include="MeshTemplateDlg.h">
      <Filter>Header Files</Filter>
    </ClInclude>
    <ClInclude Include="G_MeshTemplateSave.h">
      <Filter>Header Files</Filter>
    </ClInclude>
    <ClInclude Include="G_MeshTemplateSaver.h">
      <Filter>Header Files</Filter>
    </ClInclude>
    <ClInclude Include="G_Object.h">
      <Filter>Header Files</Filter>
    </ClInclude>
    <ClInclude Include="G_Selection.h">
      <Filter>Header Files</Filter>
    </ClInclude>
    <ClInclude Include="G_SelectionItem.h">
      <Filter>Header Files</Filter>
    </ClInclude>
    <ClInclude Include="EditDlg.h">
      <Filter>Header Files</Filter>
    </ClInclude>
    <ClInclude Include="NullEditDlg.h">
      <Filter>Header Files</Filter>
    </ClInclude>
    <ClInclude Include="G_EditorDlgFactory.h">
      <Filter>Header Files</Filter>
    </ClInclude>
    <ClInclude Include="G_Mesh.h">
      <Filter>Header Files</Filter>
    </ClInclude>
    <ClInclude Include="SelectionDlg.h">
      <Filter>Header Files</Filter>
    </ClInclude>
    <ClInclude Include="G_Creator.h">
      <Filter>Header Files</Filter>
    </ClInclude>
    <ClInclude Include="G_BaseToolTranslate.h">
      <Filter>Header Files</Filter>
    </ClInclude>
    <ClInclude Include="G_BaseToolCreate.h">
      <Filter>Header Files</Filter>
    </ClInclude>
    <ClInclude Include="G_EditorObjDrawer.h">
      <Filter>Header Files</Filter>
    </ClInclude>
    <ClInclude Include="G_Light.h">
      <Filter>Header Files</Filter>
    </ClInclude>
    <ClInclude Include="G_EditorRenderer.h">
      <Filter>Header Files</Filter>
    </ClInclude>
    <ClInclude Include="LightEditDlg.h">
      <Filter>Header Files</Filter>
    </ClInclude>
    <ClInclude Include="G_BaseToolRotate.h">
      <Filter>Header Files</Filter>
    </ClInclude>
    <ClInclude Include="G_BaseToolHeight.h">
      <Filter>Header Files</Filter>
    </ClInclude>
    <ClInclude Include="G_GroundToolSetStartPos.h">
      <Filter>Header Files</Filter>
    </ClInclude>
    <ClInclude Include="G_BaseToolRotateZ.h">
      <Filter>Header Files</Filter>
    </ClInclude>
    <ClInclude Include="G_BaseToolPaste.h">
      <Filter>Header Files</Filter>
    </ClInclude>
    <ClInclude Include="G_GroundToolWakable.h">
      <Filter>Header Files</Filter>
    </ClInclude>
    <ClInclude Include="G_FlagRenderer.h">
      <Filter>Header Files</Filter>
    </ClInclude>
    <ClInclude Include="MatColorDlg.h">
      <Filter>Header Files</Filter>
    </ClInclude>
    <ClInclude Include="MaterialPropertySheet.h">
      <Filter>Header Files</Filter>
    </ClInclude>
    <ClInclude Include="MatTextureDlg.h">
      <Filter>Header Files</Filter>
    </ClInclude>
    <ClInclude Include="MatStateDlg.h">
      <Filter>Header Files</Filter>
    </ClInclude>
    <ClInclude Include="MatUVDlg.h">
      <Filter>Header Files</Filter>
    </ClInclude>
    <ClInclude Include="MatUVAnimDlg.h">
      <Filter>Header Files</Filter>
    </ClInclude>
    <ClInclude Include="MatAnimDlg.h">
      <Filter>Header Files</Filter>
    </ClInclude>
    <ClInclude Include="MatTextureAnimDlg.h">
      <Filter>Header Files</Filter>
    </ClInclude>
    <ClInclude Include="MatFadeAnimDlg.h">
      <Filter>Header Files</Filter>
    </ClInclude>
    <ClInclude Include="G_ParticlesTemplate.h">
      <Filter>Header Files</Filter>
    </ClInclude>
    <ClInclude Include="G_ParticleSystem.h">
      <Filter>Header Files</Filter>
    </ClInclude>
    <ClInclude Include="G_ParticlesTemplateSaver.h">
      <Filter>Header Files</Filter>
    </ClInclude>
    <ClInclude Include="ParticlesEditor.h">
      <Filter>Header Files</Filter>
    </ClInclude>
    <ClInclude Include="CPreviewParticles.h">
      <Filter>Header Files</Filter>
    </ClInclude>
    <ClInclude Include="CParticlesPropertyGrid.h">
      <Filter>Header Files</Filter>
    </ClInclude>
    <ClInclude Include="G_EditorParticleSystem.h">
      <Filter>Header Files</Filter>
    </ClInclude>
    <ClInclude Include="ParticleMaterial.h">
      <Filter>Header Files</Filter>
    </ClInclude>
    <ClInclude Include="G_SoundTemplate.h">
      <Filter>Header Files</Filter>
    </ClInclude>
    <ClInclude Include="G_SoundCone.h">
      <Filter>Header Files</Filter>
    </ClInclude>
    <ClInclude Include="G_Sound.h">
      <Filter>Header Files</Filter>
    </ClInclude>
    <ClInclude Include="G_SoundTemplateSaver.h">
      <Filter>Header Files</Filter>
    </ClInclude>
    <ClInclude Include="SoundEditor.h">
      <Filter>Header Files</Filter>
    </ClInclude>
    <ClInclude Include="G_GameMaterial.h">
      <Filter>Header Files</Filter>
    </ClInclude>
    <ClInclude Include="GameMaterialEditor.h">
      <Filter>Header Files</Filter>
    </ClInclude>
    <ClInclude Include="G_GameMaterialSaver.h">
      <Filter>Header Files</Filter>
    </ClInclude>
    <ClInclude Include="G_Actor.h">
      <Filter>Header Files</Filter>
    </ClInclude>
    <ClInclude Include="G_Entity.h">
      <Filter>Header Files</Filter>
    </ClInclude>
    <ClInclude Include="G_EntityTemplate.h">
      <Filter>Header Files</Filter>
    </ClInclude>
    <ClInclude Include="G_EntityDB.h">
      <Filter>Header Files</Filter>
    </ClInclude>
  </ItemGroup>
  <ItemGroup>
    <ClCompile Include="ShadowEditor.cpp">
      <Filter>Source Files</Filter>
    </ClCompile>
    <ClCompile Include="stdafx.cpp">
      <Filter>Source Files</Filter>
    </ClCompile>
    <ClCompile Include="MainFrm.cpp">
      <Filter>Source Files</Filter>
    </ClCompile>
    <ClCompile Include="ShadowEditorDoc.cpp">
      <Filter>Source Files</Filter>
    </ClCompile>
    <ClCompile Include="ShadowEditorView.cpp">
      <Filter>Source Files</Filter>
    </ClCompile>
    <ClCompile Include="OutputWnd.cpp">
      <Filter>Source Files</Filter>
    </ClCompile>
    <ClCompile Include="G_EditorApp.cpp">
      <Filter>Source Files</Filter>
    </ClCompile>
    <ClCompile Include="G_Ground.cpp">
      <Filter>Source Files</Filter>
    </ClCompile>
    <ClCompile Include="G_Map.cpp">
      <Filter>Source Files</Filter>
    </ClCompile>
    <ClCompile Include="G_GridRenderer.cpp">
      <Filter>Source Files</Filter>
    </ClCompile>
    <ClCompile Include="G_ToolSystem.cpp">
      <Filter>Source Files</Filter>
    </ClCompile>
    <ClCompile Include="G_BaseToolCamTranslate.cpp">
      <Filter>Source Files</Filter>
    </ClCompile>
    <ClCompile Include="ResourceTreeView.cpp">
      <Filter>Source Files</Filter>
    </ClCompile>
    <ClCompile Include="ResourceView.cpp">
      <Filter>Source Files</Filter>
    </ClCompile>
    <ClCompile Include="GroundEditDlg.cpp">
      <Filter>Source Files</Filter>
    </ClCompile>
    <ClCompile Include="EditorView.cpp">
      <Filter>Source Files</Filter>
    </ClCompile>
    <ClCompile Include="G_GroundToolPaint.cpp">
      <Filter>Source Files</Filter>
    </ClCompile>
    <ClCompile Include="G_PreviewCamera.cpp">
      <Filter>Source Files</Filter>
    </ClCompile>
    <ClCompile Include="G_MaterialSave.cpp">
      <Filter>Source Files</Filter>
    </ClCompile>
    <ClCompile Include="G_ResourceCollector.cpp">
      <Filter>Source Files</Filter>
    </ClCompile>
    <ClCompile Include="G_MaterialSaver.cpp">
      <Filter>Source Files</Filter>
    </ClCompile>
    <ClCompile Include="G_MapSaver.cpp">
      <Filter>Source Files</Filter>
    </ClCompile>
    <ClCompile Include="G_GroundSaver.cpp">
      <Filter>Source Files</Filter>
    </ClCompile>
    <ClCompile Include="G_MapLoader.cpp">
      <Filter>Source Files</Filter>
    </ClCompile>
    <ClCompile Include="G_GroundLoader.cpp">
      <Filter>Source Files</Filter>
    </ClCompile>
    <ClCompile Include="MapPropertiesDlg.cpp">
      <Filter>Source Files</Filter>
    </ClCompile>
    <ClCompile Include="G_MeshTemplate.cpp">
      <Filter>Source Files</Filter>
    </ClCompile>
    <ClCompile Include="CPreviewMesh.cpp">
      <Filter>Source Files</Filter>
    </ClCompile>
    <ClCompile Include="MeshTemplateDlg.cpp">
      <Filter>Source Files</Filter>
    </ClCompile>
    <ClCompile Include="G_MeshTemplateSaver.cpp">
      <Filter>Source Files</Filter>
    </ClCompile>
    <ClCompile Include="G_Selection.cpp">
      <Filter>Source Files</Filter>
    </ClCompile>
    <ClCompile Include="G_Object.cpp">
      <Filter>Source Files</Filter>
    </ClCompile>
    <ClCompile Include="NullEditDlg.cpp">
      <Filter>Source Files</Filter>
    </ClCompile>
    <ClCompile Include="G_EditorDlgFactory.cpp">
      <Filter>Source Files</Filter>
    </ClCompile>
    <ClCompile Include="G_BaseToolNull.cpp">
      <Filter>Source Files</Filter>
    </ClCompile>
    <ClCompile Include="G_Mesh.cpp">
      <Filter>Source Files</Filter>
    </ClCompile>
    <ClCompile Include="SelectionDlg.cpp">
      <Filter>Source Files</Filter>
    </ClCompile>
    <ClCompile Include="G_Creator.cpp">
      <Filter>Source Files</Filter>
    </ClCompile>
    <ClCompile Include="G_BaseToolTranslate.cpp">
      <Filter>Source Files</Filter>
    </ClCompile>
    <ClCompile Include="G_BaseToolCreate.cpp">
      <Filter>Source Files</Filter>
    </ClCompile>
    <ClCompile Include="G_EditorObjDrawer.cpp">
      <Filter>Source Files</Filter>
    </ClCompile>
    <ClCompile Include="G_Light.cpp">
      <Filter>Source Files</Filter>
    </ClCompile>
    <ClCompile Include="G_EditorRenderer.cpp">
      <Filter>Source Files</Filter>
    </ClCompile>
    <ClCompile Include="LightEditDlg.cpp">
      <Filter>Source Files</Filter>
    </ClCompile>
    <ClCompile Include="G_BaseToolRotate.cpp">
      <Filter>Source Files</Filter>
    </ClCompile>
    <ClCompile Include="G_BaseToolHeight.cpp">
      <Filter>Source Files</Filter>
    </ClCompile>
    <ClCompile Include="G_GroundToolSetStartPos.cpp">
      <Filter>Source Files</Filter>
    </ClCompile>
    <ClCompile Include="G_BaseToolRotateZ.cpp">
      <Filter>Source Files</Filter>
    </ClCompile>
    <ClCompile Include="G_BaseToolPaste.cpp">
      <Filter>Source Files</Filter>
    </ClCompile>
    <ClCompile Include="G_GroundToolWakable.cpp">
      <Filter>Source Files</Filter>
    </ClCompile>
    <ClCompile Include="G_FlagRenderer.cpp">
      <Filter>Source Files</Filter>
    </ClCompile>
    <ClCompile Include="MatColorDlg.cpp">
      <Filter>Source Files</Filter>
    </ClCompile>
    <ClCompile Include="MaterialPropertySheet.cpp">
      <Filter>Source Files</Filter>
    </ClCompile>
    <ClCompile Include="MatTextureDlg.cpp">
      <Filter>Source Files</Filter>
    </ClCompile>
    <ClCompile Include="MatStateDlg.cpp">
      <Filter>Source Files</Filter>
    </ClCompile>
    <ClCompile Include="MatUVDlg.cpp">
      <Filter>Source Files</Filter>
    </ClCompile>
    <ClCompile Include="MatUVAnimDlg.cpp">
      <Filter>Source Files</Filter>
    </ClCompile>
    <ClCompile Include="MatAnimDlg.cpp">
      <Filter>Source Files</Filter>
    </ClCompile>
    <ClCompile Include="MatTextureAnimDlg.cpp">
      <Filter>Source Files</Filter>
    </ClCompile>
    <ClCompile Include="MatFadeAnimDlg.cpp">
      <Filter>Source Files</Filter>
    </ClCompile>
    <ClCompile Include="G_ParticleSystem.cpp">
      <Filter>Source Files</Filter>
    </ClCompile>
    <ClCompile Include="G_ParticlesTemplateSaver.cpp">
      <Filter>Source Files</Filter>
    </ClCompile>
    <ClCompile Include="ParticlesEditor.cpp">
      <Filter>Source Files</Filter>
    </ClCompile>
    <ClCompile Include="CPreviewParticles.cpp">
      <Filter>Source Files</Filter>
    </ClCompile>
    <ClCompile Include="CParticlesPropertyGrid.cpp">
      <Filter>Source Files</Filter>
    </ClCompile>
    <ClCompile Include="G_EditorParticleSystem.cpp">
      <Filter>Source Files</Filter>
    </ClCompile>
    <ClCompile Include="ParticleMaterial.cpp">
      <Filter>Source Files</Filter>
    </ClCompile>
    <ClCompile Include="G_Sound.cpp">
      <Filter>Source Files</Filter>
    </ClCompile>
    <ClCompile Include="G_SoundTemplateSaver.cpp">
      <Filter>Source Files</Filter>
    </ClCompile>
    <ClCompile Include="SoundEditor.cpp">
      <Filter>Source Files</Filter>
    </ClCompile>
    <ClCompile Include="GameMaterialEditor.cpp">
      <Filter>Source Files</Filter>
    </ClCompile>
    <ClCompile Include="G_GameMaterialSaver.cpp">
      <Filter>Source Files</Filter>
    </ClCompile>
    <ClCompile Include="G_Actor.cpp">
      <Filter>Source Files</Filter>
    </ClCompile>
    <ClCompile Include="G_Entity.cpp">
      <Filter>Source Files</Filter>
    </ClCompile>
    <ClCompile Include="G_EntityTemplate.cpp">
      <Filter>Source Files</Filter>
    </ClCompile>
    <ClCompile Include="G_EntityDB.cpp">
      <Filter>Source Files</Filter>
    </ClCompile>
  </ItemGroup>
  <ItemGroup>
    <ResourceCompile Include="ShadowEditor.rc">
      <Filter>Resource Files</Filter>
    </ResourceCompile>
  </ItemGroup>
  <ItemGroup>
    <Image Include="res\file_view.ico">
      <Filter>Resource Files</Filter>
    </Image>
    <Image Include="res\file_view_hc.ico">
      <Filter>Resource Files</Filter>
    </Image>
    <Image Include="res\class_view.ico">
      <Filter>Resource Files</Filter>
    </Image>
    <Image Include="res\class_view_hc.ico">
      <Filter>Resource Files</Filter>
    </Image>
    <Image Include="res\fileview.bmp">
      <Filter>Resource Files</Filter>
    </Image>
    <Image Include="res\fileview_hc.bmp">
      <Filter>Resource Files</Filter>
    </Image>
    <Image Include="res\classview.bmp">
      <Filter>Resource Files</Filter>
    </Image>
    <Image Include="res\classview_hc.bmp">
      <Filter>Resource Files</Filter>
    </Image>
    <Image Include="res\explorer.bmp">
      <Filter>Resource Files</Filter>
    </Image>
    <Image Include="res\explorer_hc.bmp">
      <Filter>Resource Files</Filter>
    </Image>
    <Image Include="res\sort.bmp">
      <Filter>Resource Files</Filter>
    </Image>
    <Image Include="res\sort_hc.bmp">
      <Filter>Resource Files</Filter>
    </Image>
    <Image Include="res\menuimages.bmp">
      <Filter>Resource Files</Filter>
    </Image>
    <Image Include="res\menuimages_hc.bmp">
      <Filter>Resource Files</Filter>
    </Image>
    <Image Include="res\output_wnd.ico">
      <Filter>Resource Files</Filter>
    </Image>
    <Image Include="res\output_wnd_hc.ico">
      <Filter>Resource Files</Filter>
    </Image>
    <Image Include="res\properties_wnd.ico">
      <Filter>Resource Files</Filter>
    </Image>
    <Image Include="res\properties_wnd_hc.ico">
      <Filter>Resource Files</Filter>
    </Image>
    <Image Include="res\properties.bmp">
      <Filter>Resource Files</Filter>
    </Image>
    <Image Include="res\properties_hc.bmp">
      <Filter>Resource Files</Filter>
    </Image>
    <Image Include="UserImages.bmp">
      <Filter>Resource Files</Filter>
    </Image>
    <Image Include="res\ShadowEditorDoc.ico">
      <Filter>Resource Files</Filter>
    </Image>
    <Image Include="res\ShadowEditor.ico">
      <Filter>Resource Files</Filter>
    </Image>
    <Image Include="res\Toolbar.bmp">
      <Filter>Resource Files</Filter>
    </Image>
    <Image Include="res\Toolbar256.bmp">
      <Filter>Resource Files</Filter>
    </Image>
    <Image Include="res\MAINBAR2.bmp">
      <Filter>Resource Files</Filter>
    </Image>
    <Image Include="res\toolbar1.bmp">
      <Filter>Resource Files</Filter>
    </Image>
    <Image Include="res\Resources.bmp">
      <Filter>Resource Files</Filter>
    </Image>
    <Image Include="res\bitmap1.bmp">
      <Filter>Resource Files</Filter>
    </Image>
    <Image Include="res\ResourcesIcons.bmp">
      <Filter>Resource Files</Filter>
    </Image>
  </ItemGroup>
  <ItemGroup>
    <None Include="res\ShadowEditor.rc2">
      <Filter>Resource Files</Filter>
    </None>
  </ItemGroup>
</Project>