<?xml version="1.0" encoding="utf-8"?>
<Project ToolsVersion="4.0" xmlns="http://schemas.microsoft.com/developer/msbuild/2003">
  <ItemGroup>
    <Filter Include="Source Files">
      <UniqueIdentifier>{4FC737F1-C7A5-4376-A066-2A32D752A2FF}</UniqueIdentifier>
      <Extensions>cpp;c;cc;cxx;def;odl;idl;hpj;bat;asm;asmx</Extensions>
    </Filter>
    <Filter Include="Header Files">
      <UniqueIdentifier>{93995380-89BD-4b04-88EB-625FBE52EBFB}</UniqueIdentifier>
      <Extensions>h;hpp;hxx;hm;inl;inc;xsd</Extensions>
    </Filter>
    <Filter Include="Resource Files">
      <UniqueIdentifier>{67DA6AB6-F800-4c08-8B7A-83BB121AAD01}</UniqueIdentifier>
      <Extensions>rc;ico;cur;bmp;dlg;rc2;rct;bin;rgs;gif;jpg;jpeg;jpe;resx;tiff;tif;png;wav;mfcribbon-ms</Extensions>
    </Filter>
  </ItemGroup>
  <ItemGroup>
    <Text Include="ReadMe.txt" />
  </ItemGroup>
  <ItemGroup>
    <ClInclude Include="stdafx.h">
      <Filter>Header Files</Filter>
    </ClInclude>
    <ClInclude Include="targetver.h">
      <Filter>Header Files</Filter>
    </ClInclude>
    <ClInclude Include="..\DX11Media\ConstantBuffer.h">
      <Filter>Header Files</Filter>
    </ClInclude>
    <ClInclude Include="..\DX11Media\IndexBuffer.h">
      <Filter>Header Files</Filter>
    </ClInclude>
    <ClInclude Include="..\DX11Media\Shader.h">
      <Filter>Header Files</Filter>
    </ClInclude>
    <ClInclude Include="..\DX11Media\ShadowMap.h">
      <Filter>Header Files</Filter>
    </ClInclude>
    <ClInclude Include="..\DX11Media\Texture.h">
      <Filter>Header Files</Filter>
    </ClInclude>
    <ClInclude Include="..\DX11Media\VertexBuffer.h">
      <Filter>Header Files</Filter>
    </ClInclude>
    <ClInclude Include="MView.h">
      <Filter>Header Files</Filter>
    </ClInclude>
    <ClInclude Include="MVideoDevice.h">
      <Filter>Header Files</Filter>
    </ClInclude>
    <ClInclude Include="MMedia.h">
      <Filter>Header Files</Filter>
    </ClInclude>
    <ClInclude Include="..\SDK\DX11MediaMulti.h">
      <Filter>Header Files</Filter>
    </ClInclude>
    <ClInclude Include="..\DX11Media\Sound.h">
      <Filter>Header Files</Filter>
    </ClInclude>
    <ClInclude Include="..\DX11Media\SoundCone.h">
      <Filter>Header Files</Filter>
    </ClInclude>
    <ClInclude Include="..\DX11Media\SoundDevice.h">
      <Filter>Header Files</Filter>
    </ClInclude>
    <ClInclude Include="..\DX11Media\SoundListener.h">
      <Filter>Header Files</Filter>
    </ClInclude>
    <ClInclude Include="..\DX11Media\SoundSource.h">
      <Filter>Header Files</Filter>
    </ClInclude>
    <ClInclude Include="..\DX11Media\SoundUtil.h">
      <Filter>Header Files</Filter>
    </ClInclude>
    <ClInclude Include="..\DX11Media\SoundVirtualSource.h">
      <Filter>Header Files</Filter>
    </ClInclude>
    <ClInclude Include="..\DX11Media\SoundWAV.h">
      <Filter>Header Files</Filter>
    </ClInclude>
  </ItemGroup>
  <ItemGroup>
    <ClCompile Include="stdafx.cpp">
      <Filter>Source Files</Filter>
    </ClCompile>
    <ClCompile Include="..\DX11Media\ConstantBuffer.cpp">
      <Filter>Source Files</Filter>
    </ClCompile>
    <ClCompile Include="..\DX11Media\IndexBuffer.cpp">
      <Filter>Source Files</Filter>
    </ClCompile>
    <ClCompile Include="..\DX11Media\Shader.cpp">
      <Filter>Source Files</Filter>
    </ClCompile>
    <ClCompile Include="..\DX11Media\ShadowMap.cpp">
      <Filter>Source Files</Filter>
    </ClCompile>
    <ClCompile Include="..\DX11Media\Texture.cpp">
      <Filter>Source Files</Filter>
    </ClCompile>
    <ClCompile Include="..\DX11Media\VertexBuffer.cpp">
      <Filter>Source Files</Filter>
    </ClCompile>
    <ClCompile Include="MView.cpp">
      <Filter>Source Files</Filter>
    </ClCompile>
    <ClCompile Include="MVideoDevice.cpp">
      <Filter>Source Files</Filter>
    </ClCompile>
    <ClCompile Include="MMedia.cpp">
      <Filter>Source Files</Filter>
    </ClCompile>
    <ClCompile Include="..\DX11Media\SoundDevice.cpp">
      <Filter>Source Files</Filter>
    </ClCompile>
    <ClCompile Include="..\DX11Media\SoundSource.cpp">
      <Filter>Source Files</Filter>
    </ClCompile>
    <ClCompile Include="..\DX11Media\SoundWAV.cpp">
      <Filter>Source Files</Filter>
    </ClCompile>
    <ClCompile Include="..\DX11Media\SoundVirtualSource.cpp">
      <Filter>Source Files</Filter>
    </ClCompile>
  </ItemGroup>
</Project>